
Microsoft Visual Studio Solution File, Format Version 12.00
# Visual Studio Version 17
VisualStudioVersion = 17.14.36518.9 d17.14
MinimumVisualStudioVersion = 10.0.40219.1
Project("{FAE04EC0-301F-11D3-BF4B-00C04F79EFBC}") = "Aluno.Dominio", "Aluno.Dominio\Aluno.Dominio.csproj", "{6CF2D5E0-ACF7-432B-87AA-6CE5E019F35C}"
EndProject
Project("{FAE04EC0-301F-11D3-BF4B-00C04F79EFBC}") = "Aluno.Repositorio", "Aluno.Repositorio\Aluno.Repositorio.csproj", "{872F5B8D-31AD-4288-8E33-5BA42E343392}"
EndProject
Project("{FAE04EC0-301F-11D3-BF4B-00C04F79EFBC}") = "Aluno.Servico", "Aluno.Servico\Aluno.Servico.csproj", "{1D13B739-58A2-4CAB-8E0F-123C21E66A34}"
EndProject
Project("{FAE04EC0-301F-11D3-BF4B-00C04F79EFBC}") = "Aluno.WebApi", "Aluno.WebApi\Aluno.WebApi.csproj", "{AAFE3F34-0918-4BB8-AFFF-97ABFFB789E2}"
EndProject
Global
	GlobalSection(SolutionConfigurationPlatforms) = preSolution
		Debug|Any CPU = Debug|Any CPU
		Release|Any CPU = Release|Any CPU
	EndGlobalSection
	GlobalSection(ProjectConfigurationPlatforms) = postSolution
		{6CF2D5E0-ACF7-432B-87AA-6CE5E019F35C}.Debug|Any CPU.ActiveCfg = Debug|Any CPU
		{6CF2D5E0-ACF7-432B-87AA-6CE5E019F35C}.Debug|Any CPU.Build.0 = Debug|Any CPU
		{6CF2D5E0-ACF7-432B-87AA-6CE5E019F35C}.Release|Any CPU.ActiveCfg = Release|Any CPU
		{6CF2D5E0-ACF7-432B-87AA-6CE5E019F35C}.Release|Any CPU.Build.0 = Release|Any CPU
		{872F5B8D-31AD-4288-8E33-5BA42E343392}.Debug|Any CPU.ActiveCfg = Debug|Any CPU
		{872F5B8D-31AD-4288-8E33-5BA42E343392}.Debug|Any CPU.Build.0 = Debug|Any CPU
		{872F5B8D-31AD-4288-8E33-5BA42E343392}.Release|Any CPU.ActiveCfg = Release|Any CPU
		{872F5B8D-31AD-4288-8E33-5BA42E343392}.Release|Any CPU.Build.0 = Release|Any CPU
		{1D13B739-58A2-4CAB-8E0F-123C21E66A34}.Debug|Any CPU.ActiveCfg = Debug|Any CPU
		{1D13B739-58A2-4CAB-8E0F-123C21E66A34}.Debug|Any CPU.Build.0 = Debug|Any CPU
		{1D13B739-58A2-4CAB-8E0F-123C21E66A34}.Release|Any CPU.ActiveCfg = Release|Any CPU
		{1D13B739-58A2-4CAB-8E0F-123C21E66A34}.Release|Any CPU.Build.0 = Release|Any CPU
		{AAFE3F34-0918-4BB8-AFFF-97ABFFB789E2}.Debug|Any CPU.ActiveCfg = Debug|Any CPU
		{AAFE3F34-0918-4BB8-AFFF-97ABFFB789E2}.Debug|Any CPU.Build.0 = Debug|Any CPU
		{AAFE3F34-0918-4BB8-AFFF-97ABFFB789E2}.Release|Any CPU.ActiveCfg = Release|Any CPU
		{AAFE3F34-0918-4BB8-AFFF-97ABFFB789E2}.Release|Any CPU.Build.0 = Release|Any CPU
	EndGlobalSection
	GlobalSection(SolutionProperties) = preSolution
		HideSolutionNode = FALSE
	EndGlobalSection
	GlobalSection(ExtensibilityGlobals) = postSolution
		SolutionGuid = {B1D1ACAB-AED2-4E80-88B5-85B0BDDBAEB4}
	EndGlobalSection
EndGlobal
